<?xml version="1.0" encoding="utf-8"?>
<Project ToolsVersion="4.0" xmlns="http://schemas.microsoft.com/developer/msbuild/2003">
  <ItemGroup>
    <Filter Include="Horizon">
      <UniqueIdentifier>{6EE457B5-DAC3-D650-E3DB-61274F3A3DB2}</UniqueIdentifier>
    </Filter>
    <Filter Include="Horizon\Core">
      <UniqueIdentifier>{86FDF67F-7260-8624-1BE6-BEDA072852A7}</UniqueIdentifier>
    </Filter>
    <Filter Include="Horizon\Events">
      <UniqueIdentifier>{9288CE5E-7E56-C264-67EA-328B53579EC9}</UniqueIdentifier>
    </Filter>
    <Filter Include="Platform">
      <UniqueIdentifier>{2AC788B4-1694-E3BF-3FAD-D1672BD9184E}</UniqueIdentifier>
    </Filter>
    <Filter Include="Platform\Windows">
      <UniqueIdentifier>{64FBD71A-50F4-F66C-7926-DCF1657ED678}</UniqueIdentifier>
    </Filter>
  </ItemGroup>
  <ItemGroup>
    <ClInclude Include="src\Horizon.h" />
    <ClInclude Include="src\Horizon\Core\Application.h">
      <Filter>Horizon\Core</Filter>
    </ClInclude>
    <ClInclude Include="src\Horizon\Core\Core.h">
      <Filter>Horizon\Core</Filter>
    </ClInclude>
    <ClInclude Include="src\Horizon\Core\Display.h">
      <Filter>Horizon\Core</Filter>
    </ClInclude>
    <ClInclude Include="src\Horizon\Core\EntryPoint.h">
      <Filter>Horizon\Core</Filter>
    </ClInclude>
    <ClInclude Include="src\Horizon\Core\Logger.h">
      <Filter>Horizon\Core</Filter>
    </ClInclude>
    <ClInclude Include="src\Horizon\Events\EventBus.h">
      <Filter>Horizon\Events</Filter>
    </ClInclude>
    <ClInclude Include="src\Horizon\Events\Events.h">
      <Filter>Horizon\Events</Filter>
    </ClInclude>
    <ClInclude Include="src\Platform\Windows\WindowsDisplay.h">
      <Filter>Platform\Windows</Filter>
    </ClInclude>
    <ClInclude Include="src\hrzpch.h" />
  </ItemGroup>
  <ItemGroup>
    <ClCompile Include="src\Horizon\Core\Application.cpp">
      <Filter>Horizon\Core</Filter>
    </ClCompile>
    <ClCompile Include="src\Horizon\Core\Display.cpp">
      <Filter>Horizon\Core</Filter>
    </ClCompile>
    <ClCompile Include="src\Horizon\Core\Logger.cpp">
      <Filter>Horizon\Core</Filter>
    </ClCompile>
    <ClCompile Include="src\Platform\Windows\WindowsDisplay.cpp">
      <Filter>Platform\Windows</Filter>
    </ClCompile>
    <ClCompile Include="src\hrzpch.cpp" />
  </ItemGroup>
</Project>